
Microsoft Visual Studio Solution File, Format Version 12.00
# Visual Studio Version 16
VisualStudioVersion = 16.0.30907.101
MinimumVisualStudioVersion = 10.0.40219.1
Project("{FAE04EC0-301F-11D3-BF4B-00C04F79EFBC}") = "lotto", "lotto\lotto.csproj", "{77985E94-1C76-4B4E-8882-C52B44B8F988}"
EndProject
Global
	GlobalSection(SolutionConfigurationPlatforms) = preSolution
		Debug|Any CPU = Debug|Any CPU
		Release|Any CPU = Release|Any CPU
	EndGlobalSection
	GlobalSection(ProjectConfigurationPlatforms) = postSolution
		{77985E94-1C76-4B4E-8882-C52B44B8F988}.Debug|Any CPU.ActiveCfg = Debug|Any CPU
		{77985E94-1C76-4B4E-8882-C52B44B8F988}.Debug|Any CPU.Build.0 = Debug|Any CPU
		{77985E94-1C76-4B4E-8882-C52B44B8F988}.Release|Any CPU.ActiveCfg = Release|Any CPU
		{77985E94-1C76-4B4E-8882-C52B44B8F988}.Release|Any CPU.Build.0 = Release|Any CPU
	EndGlobalSection
	GlobalSection(SolutionProperties) = preSolution
		HideSolutionNode = FALSE
	EndGlobalSection
	GlobalSection(ExtensibilityGlobals) = postSolution
		SolutionGuid = {8599893A-064F-4408-82CB-5EE0DCC19823}
	EndGlobalSection
EndGlobal
